
Microsoft Visual Studio Solution File, Format Version 12.00
# Visual Studio 15
VisualStudioVersion = 15.0.27130.2003
MinimumVisualStudioVersion = 10.0.40219.1
Project("{9A19103F-16F7-4668-BE54-9A1E7A4F7556}") = "WebSite", "src\WebSite\WebSite.csproj", "{816BEF4E-03B3-494B-8374-A09809E3538D}"
EndProject
Project("{2150E333-8FDC-42A3-9474-1A3956D46DE8}") = "src", "src", "{0E153C24-7EFC-4332-937F-44754C140805}"
EndProject
Project("{2150E333-8FDC-42A3-9474-1A3956D46DE8}") = "test", "test", "{61B938E5-A513-46B0-A3A3-E72328A02E47}"
EndProject
Project("{FAE04EC0-301F-11D3-BF4B-00C04F79EFBC}") = "TheS.AdminOnline.Specs", "TheS.AdminOnline.Specs\TheS.AdminOnline.Specs.csproj", "{7D46B171-5BA1-4593-9E51-BCD18E629D2A}"
EndProject
Global
	GlobalSection(SolutionConfigurationPlatforms) = preSolution
		Debug|Any CPU = Debug|Any CPU
		Release|Any CPU = Release|Any CPU
	EndGlobalSection
	GlobalSection(ProjectConfigurationPlatforms) = postSolution
		{816BEF4E-03B3-494B-8374-A09809E3538D}.Debug|Any CPU.ActiveCfg = Debug|Any CPU
		{816BEF4E-03B3-494B-8374-A09809E3538D}.Debug|Any CPU.Build.0 = Debug|Any CPU
		{816BEF4E-03B3-494B-8374-A09809E3538D}.Release|Any CPU.ActiveCfg = Release|Any CPU
		{816BEF4E-03B3-494B-8374-A09809E3538D}.Release|Any CPU.Build.0 = Release|Any CPU
		{7D46B171-5BA1-4593-9E51-BCD18E629D2A}.Debug|Any CPU.ActiveCfg = Debug|Any CPU
		{7D46B171-5BA1-4593-9E51-BCD18E629D2A}.Debug|Any CPU.Build.0 = Debug|Any CPU
		{7D46B171-5BA1-4593-9E51-BCD18E629D2A}.Release|Any CPU.ActiveCfg = Release|Any CPU
		{7D46B171-5BA1-4593-9E51-BCD18E629D2A}.Release|Any CPU.Build.0 = Release|Any CPU
	EndGlobalSection
	GlobalSection(SolutionProperties) = preSolution
		HideSolutionNode = FALSE
	EndGlobalSection
	GlobalSection(NestedProjects) = preSolution
		{816BEF4E-03B3-494B-8374-A09809E3538D} = {0E153C24-7EFC-4332-937F-44754C140805}
		{7D46B171-5BA1-4593-9E51-BCD18E629D2A} = {61B938E5-A513-46B0-A3A3-E72328A02E47}
	EndGlobalSection
	GlobalSection(ExtensibilityGlobals) = postSolution
		SolutionGuid = {4A91DBF4-AB04-4D32-A264-F9F988C90A0F}
	EndGlobalSection
EndGlobal
