
Microsoft Visual Studio Solution File, Format Version 12.00
# Visual Studio 15
VisualStudioVersion = 15.0.27130.2003
MinimumVisualStudioVersion = 10.0.40219.1
Project("{FAE04EC0-301F-11D3-BF4B-00C04F79EFBC}") = "Website", "src\Website\Website.csproj", "{DC9E79B5-9427-4AAA-93A6-87AF5FED0EC3}"
EndProject
Project("{2150E333-8FDC-42A3-9474-1A3956D46DE8}") = "src", "src", "{D0850346-0814-4C27-B58B-87547E2BBFBE}"
EndProject
Global
	GlobalSection(SolutionConfigurationPlatforms) = preSolution
		Debug|Any CPU = Debug|Any CPU
		Release|Any CPU = Release|Any CPU
	EndGlobalSection
	GlobalSection(ProjectConfigurationPlatforms) = postSolution
		{DC9E79B5-9427-4AAA-93A6-87AF5FED0EC3}.Debug|Any CPU.ActiveCfg = Debug|Any CPU
		{DC9E79B5-9427-4AAA-93A6-87AF5FED0EC3}.Debug|Any CPU.Build.0 = Debug|Any CPU
		{DC9E79B5-9427-4AAA-93A6-87AF5FED0EC3}.Release|Any CPU.ActiveCfg = Release|Any CPU
		{DC9E79B5-9427-4AAA-93A6-87AF5FED0EC3}.Release|Any CPU.Build.0 = Release|Any CPU
	EndGlobalSection
	GlobalSection(SolutionProperties) = preSolution
		HideSolutionNode = FALSE
	EndGlobalSection
	GlobalSection(NestedProjects) = preSolution
		{DC9E79B5-9427-4AAA-93A6-87AF5FED0EC3} = {D0850346-0814-4C27-B58B-87547E2BBFBE}
	EndGlobalSection
	GlobalSection(ExtensibilityGlobals) = postSolution
		SolutionGuid = {13D4D7A6-743A-47A7-9506-D8791CD57275}
	EndGlobalSection
EndGlobal
