
Microsoft Visual Studio Solution File, Format Version 12.00
# Visual Studio 14
VisualStudioVersion = 14.0.24720.0
MinimumVisualStudioVersion = 10.0.40219.1
Project("{2150E333-8FDC-42A3-9474-1A3956D46DE8}") = "src", "src", "{70B98928-A827-46AF-AC0E-F01533807855}"
EndProject
Project("{2150E333-8FDC-42A3-9474-1A3956D46DE8}") = "Solution Items", "Solution Items", "{59394A9C-7DD0-4120-9297-F29EF2EC6487}"
	ProjectSection(SolutionItems) = preProject
		global.json = global.json
	EndProjectSection
EndProject
Project("{8BB2217D-0F2D-49D1-97BC-3654ED321F3B}") = "TheS.eXamO.AdventModels", "src\TheS.eXamO.AdventModels\TheS.eXamO.AdventModels.xproj", "{120AD701-391E-4A82-8592-F66A348B8D79}"
EndProject
Global
	GlobalSection(SolutionConfigurationPlatforms) = preSolution
		Debug|Any CPU = Debug|Any CPU
		Release|Any CPU = Release|Any CPU
	EndGlobalSection
	GlobalSection(ProjectConfigurationPlatforms) = postSolution
		{120AD701-391E-4A82-8592-F66A348B8D79}.Debug|Any CPU.ActiveCfg = Debug|Any CPU
		{120AD701-391E-4A82-8592-F66A348B8D79}.Debug|Any CPU.Build.0 = Debug|Any CPU
		{120AD701-391E-4A82-8592-F66A348B8D79}.Release|Any CPU.ActiveCfg = Release|Any CPU
		{120AD701-391E-4A82-8592-F66A348B8D79}.Release|Any CPU.Build.0 = Release|Any CPU
	EndGlobalSection
	GlobalSection(SolutionProperties) = preSolution
		HideSolutionNode = FALSE
	EndGlobalSection
	GlobalSection(NestedProjects) = preSolution
		{120AD701-391E-4A82-8592-F66A348B8D79} = {70B98928-A827-46AF-AC0E-F01533807855}
	EndGlobalSection
EndGlobal
